
Microsoft Visual Studio Solution File, Format Version 12.00
# Visual Studio 15
VisualStudioVersion = 15.0.27130.2026
MinimumVisualStudioVersion = 10.0.40219.1
Project("{FAE04EC0-301F-11D3-BF4B-00C04F79EFBC}") = "Webapp1", "Webapp1\Webapp1.csproj", "{3E1B081F-8915-43C5-94C8-CA6356541EDB}"
EndProject
Global
	GlobalSection(SolutionConfigurationPlatforms) = preSolution
		Debug|Any CPU = Debug|Any CPU
		Release|Any CPU = Release|Any CPU
	EndGlobalSection
	GlobalSection(ProjectConfigurationPlatforms) = postSolution
		{3E1B081F-8915-43C5-94C8-CA6356541EDB}.Debug|Any CPU.ActiveCfg = Debug|Any CPU
		{3E1B081F-8915-43C5-94C8-CA6356541EDB}.Debug|Any CPU.Build.0 = Debug|Any CPU
		{3E1B081F-8915-43C5-94C8-CA6356541EDB}.Release|Any CPU.ActiveCfg = Release|Any CPU
		{3E1B081F-8915-43C5-94C8-CA6356541EDB}.Release|Any CPU.Build.0 = Release|Any CPU
	EndGlobalSection
	GlobalSection(SolutionProperties) = preSolution
		HideSolutionNode = FALSE
	EndGlobalSection
	GlobalSection(ExtensibilityGlobals) = postSolution
		SolutionGuid = {17616321-02A6-482C-BF85-548C1F331757}
	EndGlobalSection
EndGlobal
